
Microsoft Visual Studio Solution File, Format Version 12.00
# Visual Studio Version 16
VisualStudioVersion = 16.0.31321.278
MinimumVisualStudioVersion = 10.0.40219.1
Project("{9A19103F-16F7-4668-BE54-9A1E7A4F7556}") = "Application_Gestion_Medicament", "Application_Gestion_Medicament\Application_Gestion_Medicament.csproj", "{4C55938F-1417-43DC-B4A8-FDAA19CB2E12}"
EndProject
Project("{FAE04EC0-301F-11D3-BF4B-00C04F79EFBC}") = "Application_Gestion_MedicamentTests", "Application_Gestion_MedicamentTests\Application_Gestion_MedicamentTests.csproj", "{DCC7C96C-EE2E-486C-9256-0F1451718811}"
EndProject
Global
	GlobalSection(SolutionConfigurationPlatforms) = preSolution
		Debug|Any CPU = Debug|Any CPU
		Release|Any CPU = Release|Any CPU
	EndGlobalSection
	GlobalSection(ProjectConfigurationPlatforms) = postSolution
		{4C55938F-1417-43DC-B4A8-FDAA19CB2E12}.Debug|Any CPU.ActiveCfg = Debug|Any CPU
		{4C55938F-1417-43DC-B4A8-FDAA19CB2E12}.Debug|Any CPU.Build.0 = Debug|Any CPU
		{4C55938F-1417-43DC-B4A8-FDAA19CB2E12}.Release|Any CPU.ActiveCfg = Release|Any CPU
		{4C55938F-1417-43DC-B4A8-FDAA19CB2E12}.Release|Any CPU.Build.0 = Release|Any CPU
		{DCC7C96C-EE2E-486C-9256-0F1451718811}.Debug|Any CPU.ActiveCfg = Debug|Any CPU
		{DCC7C96C-EE2E-486C-9256-0F1451718811}.Debug|Any CPU.Build.0 = Debug|Any CPU
		{DCC7C96C-EE2E-486C-9256-0F1451718811}.Release|Any CPU.ActiveCfg = Release|Any CPU
		{DCC7C96C-EE2E-486C-9256-0F1451718811}.Release|Any CPU.Build.0 = Release|Any CPU
	EndGlobalSection
	GlobalSection(SolutionProperties) = preSolution
		HideSolutionNode = FALSE
	EndGlobalSection
	GlobalSection(ExtensibilityGlobals) = postSolution
		SolutionGuid = {15102B62-3F6B-4F11-84EF-A9120E5E6533}
	EndGlobalSection
EndGlobal
